
Microsoft Visual Studio Solution File, Format Version 12.00
# Visual Studio 14
VisualStudioVersion = 14.0.23107.0
MinimumVisualStudioVersion = 10.0.40219.1
Project("{FAE04EC0-301F-11D3-BF4B-00C04F79EFBC}") = "Trade_It_Now", "Trade_It_Now\Trade_It_Now.csproj", "{CB2F242B-6B9C-4694-923B-D90A3D80B1F2}"
EndProject
Project("{FAE04EC0-301F-11D3-BF4B-00C04F79EFBC}") = "KlassenDLL", "KlassenDLL\KlassenDLL.csproj", "{18B9A2FC-96CB-4238-8E04-C7F117DE4772}"
EndProject
Project("{FAE04EC0-301F-11D3-BF4B-00C04F79EFBC}") = "DataDLL", "DataDLL\DataDLL.csproj", "{8540BBB3-97F6-484C-9EA4-5C5B3E7074A1}"
EndProject
Global
	GlobalSection(SolutionConfigurationPlatforms) = preSolution
		Debug|Any CPU = Debug|Any CPU
		Release|Any CPU = Release|Any CPU
	EndGlobalSection
	GlobalSection(ProjectConfigurationPlatforms) = postSolution
		{CB2F242B-6B9C-4694-923B-D90A3D80B1F2}.Debug|Any CPU.ActiveCfg = Debug|Any CPU
		{CB2F242B-6B9C-4694-923B-D90A3D80B1F2}.Debug|Any CPU.Build.0 = Debug|Any CPU
		{CB2F242B-6B9C-4694-923B-D90A3D80B1F2}.Release|Any CPU.ActiveCfg = Release|Any CPU
		{CB2F242B-6B9C-4694-923B-D90A3D80B1F2}.Release|Any CPU.Build.0 = Release|Any CPU
		{18B9A2FC-96CB-4238-8E04-C7F117DE4772}.Debug|Any CPU.ActiveCfg = Debug|Any CPU
		{18B9A2FC-96CB-4238-8E04-C7F117DE4772}.Debug|Any CPU.Build.0 = Debug|Any CPU
		{18B9A2FC-96CB-4238-8E04-C7F117DE4772}.Release|Any CPU.ActiveCfg = Release|Any CPU
		{18B9A2FC-96CB-4238-8E04-C7F117DE4772}.Release|Any CPU.Build.0 = Release|Any CPU
		{8540BBB3-97F6-484C-9EA4-5C5B3E7074A1}.Debug|Any CPU.ActiveCfg = Debug|Any CPU
		{8540BBB3-97F6-484C-9EA4-5C5B3E7074A1}.Debug|Any CPU.Build.0 = Debug|Any CPU
		{8540BBB3-97F6-484C-9EA4-5C5B3E7074A1}.Release|Any CPU.ActiveCfg = Release|Any CPU
		{8540BBB3-97F6-484C-9EA4-5C5B3E7074A1}.Release|Any CPU.Build.0 = Release|Any CPU
	EndGlobalSection
	GlobalSection(SolutionProperties) = preSolution
		HideSolutionNode = FALSE
	EndGlobalSection
EndGlobal
